
Microsoft Visual Studio Solution File, Format Version 12.00
# Visual Studio Version 16
VisualStudioVersion = 16.0.30717.126
MinimumVisualStudioVersion = 10.0.40219.1
Project("{FAE04EC0-301F-11D3-BF4B-00C04F79EFBC}") = "AirQualityMonitor", "AirQualityMonitor\AirQualityMonitor.csproj", "{85CFC536-2AEF-4419-94ED-F59E843DDCA4}"
EndProject
Global
	GlobalSection(SolutionConfigurationPlatforms) = preSolution
		Debug|Any CPU = Debug|Any CPU
		Release|Any CPU = Release|Any CPU
	EndGlobalSection
	GlobalSection(ProjectConfigurationPlatforms) = postSolution
		{85CFC536-2AEF-4419-94ED-F59E843DDCA4}.Debug|Any CPU.ActiveCfg = Debug|Any CPU
		{85CFC536-2AEF-4419-94ED-F59E843DDCA4}.Debug|Any CPU.Build.0 = Debug|Any CPU
		{85CFC536-2AEF-4419-94ED-F59E843DDCA4}.Release|Any CPU.ActiveCfg = Release|Any CPU
		{85CFC536-2AEF-4419-94ED-F59E843DDCA4}.Release|Any CPU.Build.0 = Release|Any CPU
	EndGlobalSection
	GlobalSection(SolutionProperties) = preSolution
		HideSolutionNode = FALSE
	EndGlobalSection
	GlobalSection(ExtensibilityGlobals) = postSolution
		SolutionGuid = {9F8717B3-BAAA-430A-8EED-36D7DF641883}
	EndGlobalSection
EndGlobal
